Microsoft Visual Studio Solution File, Format Version 11.00
# Visual Studio 2008

Project("{D3F2A4F8-0A30-28CD-4476-5F1EAC29A855}") = "DjApp", "Assembly-CSharp-firstpass-vs.csproj", "{7A5AA48E-3CE1-4EFB-9904-554304CBF5E5}"
EndProject
Project("{D3F2A4F8-0A30-28CD-4476-5F1EAC29A855}") = "DjApp", "Assembly-CSharp-vs.csproj", "{BB8D7F58-DCAA-336E-F2F6-4E612B836F86}"
EndProject
Project("{D3F2A4F8-0A30-28CD-4476-5F1EAC29A855}") = "DjApp", "Assembly-CSharp-Editor-vs.csproj", "{815084AB-CCF4-991F-A036-E7CA60C48B1A}"
EndProject
Global
	GlobalSection(SolutionConfigurationPlatforms) = preSolution
		Debug|Any CPU = Debug|Any CPU
		Release|Any CPU = Release|Any CPU
	EndGlobalSection
	GlobalSection(ProjectConfigurationPlatforms) = postSolution
		{7A5AA48E-3CE1-4EFB-9904-554304CBF5E5}.Debug|Any CPU.ActiveCfg = Debug|Any CPU
		{7A5AA48E-3CE1-4EFB-9904-554304CBF5E5}.Debug|Any CPU.Build.0 = Debug|Any CPU
		{7A5AA48E-3CE1-4EFB-9904-554304CBF5E5}.Release|Any CPU.ActiveCfg = Release|Any CPU
		{7A5AA48E-3CE1-4EFB-9904-554304CBF5E5}.Release|Any CPU.Build.0 = Release|Any CPU
		{BB8D7F58-DCAA-336E-F2F6-4E612B836F86}.Debug|Any CPU.ActiveCfg = Debug|Any CPU
		{BB8D7F58-DCAA-336E-F2F6-4E612B836F86}.Debug|Any CPU.Build.0 = Debug|Any CPU
		{BB8D7F58-DCAA-336E-F2F6-4E612B836F86}.Release|Any CPU.ActiveCfg = Release|Any CPU
		{BB8D7F58-DCAA-336E-F2F6-4E612B836F86}.Release|Any CPU.Build.0 = Release|Any CPU
		{815084AB-CCF4-991F-A036-E7CA60C48B1A}.Debug|Any CPU.ActiveCfg = Debug|Any CPU
		{815084AB-CCF4-991F-A036-E7CA60C48B1A}.Debug|Any CPU.Build.0 = Debug|Any CPU
		{815084AB-CCF4-991F-A036-E7CA60C48B1A}.Release|Any CPU.ActiveCfg = Release|Any CPU
		{815084AB-CCF4-991F-A036-E7CA60C48B1A}.Release|Any CPU.Build.0 = Release|Any CPU
	EndGlobalSection
	GlobalSection(SolutionProperties) = preSolution
		HideSolutionNode = FALSE
	EndGlobalSection
							GlobalSection(MonoDevelopProperties) = preSolution
		StartupItem = Assembly-CSharp.csproj
		Policies = $0
		$0.TextStylePolicy = $1
		$1.inheritsSet = null
		$1.scope = text/x-csharp
		$0.CSharpFormattingPolicy = $2
		$2.inheritsSet = Mono
		$2.inheritsScope = text/x-csharp
		$2.scope = text/x-csharp
		$0.TextStylePolicy = $3
		$3.FileWidth = 120
		$3.TabWidth = 4
		$3.IndentWidth = 4
		$3.EolMarker = Unix
		$3.inheritsSet = Mono
		$3.inheritsScope = text/plain
		$3.scope = text/plain
	EndGlobalSection

EndGlobal
